// !$*UTF8*$!
{
	archiveVersion = 1;
	classes = {
	};
	objectVersion = 56;
	objects = {

/* Begin PBXBuildFile section */
		8467AD1E2948AC9300B09B37 /* AppDelegate.swift in Sources */ = {isa = PBXBuildFile; fileRef = 8467AD1D2948AC9300B09B37 /* AppDelegate.swift */; };
		8467AD202948AC9300B09B37 /* SceneDelegate.swift in Sources */ = {isa = PBXBuildFile; fileRef = 8467AD1F2948AC9300B09B37 /* SceneDelegate.swift */; };
		8467AD222948AC9300B09B37 /* SportViewController.swift in Sources */ = {isa = PBXBuildFile; fileRef = 8467AD212948AC9300B09B37 /* SportViewController.swift */; };
		8467AD252948AC9300B09B37 /* Main.storyboard in Resources */ = {isa = PBXBuildFile; fileRef = 8467AD232948AC9300B09B37 /* Main.storyboard */; };
		8467AD282948AC9300B09B37 /* SportsApp.xcdatamodeld in Sources */ = {isa = PBXBuildFile; fileRef = 8467AD262948AC9300B09B37 /* SportsApp.xcdatamodeld */; };
		8467AD2A2948AC9500B09B37 /* Assets.xcassets in Resources */ = {isa = PBXBuildFile; fileRef = 8467AD292948AC9500B09B37 /* Assets.xcassets */; };
		8467AD2D2948AC9500B09B37 /* LaunchScreen.storyboard in Resources */ = {isa = PBXBuildFile; fileRef = 8467AD2B2948AC9500B09B37 /* LaunchScreen.storyboard */; };
		8467AD382948AC9500B09B37 /* SportsAppTests.swift in Sources */ = {isa = PBXBuildFile; fileRef = 8467AD372948AC9500B09B37 /* SportsAppTests.swift */; };
		8467AD422948AC9500B09B37 /* SportsAppUITests.swift in Sources */ = {isa = PBXBuildFile; fileRef = 8467AD412948AC9500B09B37 /* SportsAppUITests.swift */; };
		8467AD442948AC9500B09B37 /* SportsAppUITestsLaunchTests.swift in Sources */ = {isa = PBXBuildFile; fileRef = 8467AD432948AC9500B09B37 /* SportsAppUITestsLaunchTests.swift */; };
		8467AD512948B2F300B09B37 /* PlayerViewController.swift in Sources */ = {isa = PBXBuildFile; fileRef = 8467AD502948B2F300B09B37 /* PlayerViewController.swift */; };
		8467AD532948B3E600B09B37 /* sportTableViewCell.swift in Sources */ = {isa = PBXBuildFile; fileRef = 8467AD522948B3E600B09B37 /* sportTableViewCell.swift */; };
		8467AD552948B3FA00B09B37 /* playerTableViewCell.swift in Sources */ = {isa = PBXBuildFile; fileRef = 8467AD542948B3FA00B09B37 /* playerTableViewCell.swift */; };
/* End PBXBuildFile section */

/* Begin PBXContainerItemProxy section */
		8467AD342948AC9500B09B37 /* PBXContainerItemProxy */ = {
			isa = PBXContainerItemProxy;
			containerPortal = 8467AD122948AC9300B09B37 /* Project object */;
			proxyType = 1;
			remoteGlobalIDString = 8467AD192948AC9300B09B37;
			remoteInfo = SportsApp;
		};
		8467AD3E2948AC9500B09B37 /* PBXContainerItemProxy */ = {
			isa = PBXContainerItemProxy;
			containerPortal = 8467AD122948AC9300B09B37 /* Project object */;
			proxyType = 1;
			remoteGlobalIDString = 8467AD192948AC9300B09B37;
			remoteInfo = SportsApp;
		};
/* End PBXContainerItemProxy section */

/* Begin PBXFileReference section */
		8467AD1A2948AC9300B09B37 /* SportsApp.app */ = {isa = PBXFileReference; explicitFileType = wrapper.application; includeInIndex = 0; path = SportsApp.app; sourceTree = BUILT_PRODUCTS_DIR; };
		8467AD1D2948AC9300B09B37 /* AppDelegate.swift */ = {isa = PBXFileReference; lastKnownFileType = sourcecode.swift; path = AppDelegate.swift; sourceTree = "<group>"; };
		8467AD1F2948AC9300B09B37 /* SceneDelegate.swift */ = {isa = PBXFileReference; lastKnownFileType = sourcecode.swift; path = SceneDelegate.swift; sourceTree = "<group>"; };
		8467AD212948AC9300B09B37 /* SportViewController.swift */ = {isa = PBXFileReference; lastKnownFileType = sourcecode.swift; path = SportViewController.swift; sourceTree = "<group>"; };
		8467AD242948AC9300B09B37 /* Base */ = {isa = PBXFileReference; lastKnownFileType = file.storyboard; name = Base; path = Base.lproj/Main.storyboard; sourceTree = "<group>"; };
		8467AD272948AC9300B09B37 /* SportsApp.xcdatamodel */ = {isa = PBXFileReference; lastKnownFileType = wrapper.xcdatamodel; path = SportsApp.xcdatamodel; sourceTree = "<group>"; };
		8467AD292948AC9500B09B37 /* Assets.xcassets */ = {isa = PBXFileReference; lastKnownFileType = folder.assetcatalog; path = Assets.xcassets; sourceTree = "<group>"; };
		8467AD2C2948AC9500B09B37 /* Base */ = {isa = PBXFileReference; lastKnownFileType = file.storyboard; name = Base; path = Base.lproj/LaunchScreen.storyboard; sourceTree = "<group>"; };
		8467AD2E2948AC9500B09B37 /* Info.plist */ = {isa = PBXFileReference; lastKnownFileType = text.plist.xml; path = Info.plist; sourceTree = "<group>"; };
		8467AD332948AC9500B09B37 /* SportsAppTests.xctest */ = {isa = PBXFileReference; explicitFileType = wrapper.cfbundle; includeInIndex = 0; path = SportsAppTests.xctest; sourceTree = BUILT_PRODUCTS_DIR; };
		8467AD372948AC9500B09B37 /* SportsAppTests.swift */ = {isa = PBXFileReference; lastKnownFileType = sourcecode.swift; path = SportsAppTests.swift; sourceTree = "<group>"; };
		8467AD3D2948AC9500B09B37 /* SportsAppUITests.xctest */ = {isa = PBXFileReference; explicitFileType = wrapper.cfbundle; includeInIndex = 0; path = SportsAppUITests.xctest; sourceTree = BUILT_PRODUCTS_DIR; };
		8467AD412948AC9500B09B37 /* SportsAppUITests.swift */ = {isa = PBXFileReference; lastKnownFileType = sourcecode.swift; path = SportsAppUITests.swift; sourceTree = "<group>"; };
		8467AD432948AC9500B09B37 /* SportsAppUITestsLaunchTests.swift */ = {isa = PBXFileReference; lastKnownFileType = sourcecode.swift; path = SportsAppUITestsLaunchTests.swift; sourceTree = "<group>"; };
		8467AD502948B2F300B09B37 /* PlayerViewController.swift */ = {isa = PBXFileReference; lastKnownFileType = sourcecode.swift; path = PlayerViewController.swift; sourceTree = "<group>"; };
		8467AD522948B3E600B09B37 /* sportTableViewCell.swift */ = {isa = PBXFileReference; lastKnownFileType = sourcecode.swift; path = sportTableViewCell.swift; sourceTree = "<group>"; };
		8467AD542948B3FA00B09B37 /* playerTableViewCell.swift */ = {isa = PBXFileReference; lastKnownFileType = sourcecode.swift; path = playerTableViewCell.swift; sourceTree = "<group>"; };
/* End PBXFileReference section */

/* Begin PBXFrameworksBuildPhase section */
		8467AD172948AC9300B09B37 /* Frameworks */ = {
			isa = PBXFrameworksBuildPhase;
			buildActionMask = 2147483647;
			files = (
			);
			runOnlyForDeploymentPostprocessing = 0;
		};
		8467AD302948AC9500B09B37 /* Frameworks */ = {
			isa = PBXFrameworksBuildPhase;
			buildActionMask = 2147483647;
			files = (
			);
			runOnlyForDeploymentPostprocessing = 0;
		};
		8467AD3A2948AC9500B09B37 /* Frameworks */ = {
			isa = PBXFrameworksBuildPhase;
			buildActionMask = 2147483647;
			files = (
			);
			runOnlyForDeploymentPostprocessing = 0;
		};
/* End PBXFrameworksBuildPhase section */

/* Begin PBXGroup section */
		8467AD112948AC9300B09B37 = {
			isa = PBXGroup;
			children = (
				8467AD1C2948AC9300B09B37 /* SportsApp */,
				8467AD362948AC9500B09B37 /* SportsAppTests */,
				8467AD402948AC9500B09B37 /* SportsAppUITests */,
				8467AD1B2948AC9300B09B37 /* Products */,
			);
			sourceTree = "<group>";
		};
		8467AD1B2948AC9300B09B37 /* Products */ = {
			isa = PBXGroup;
			children = (
				8467AD1A2948AC9300B09B37 /* SportsApp.app */,
				8467AD332948AC9500B09B37 /* SportsAppTests.xctest */,
				8467AD3D2948AC9500B09B37 /* SportsAppUITests.xctest */,
			);
			name = Products;
			sourceTree = "<group>";
		};
		8467AD1C2948AC9300B09B37 /* SportsApp */ = {
			isa = PBXGroup;
			children = (
				8467AD1D2948AC9300B09B37 /* AppDelegate.swift */,
				8467AD1F2948AC9300B09B37 /* SceneDelegate.swift */,
				8467AD212948AC9300B09B37 /* SportViewController.swift */,
				8467AD502948B2F300B09B37 /* PlayerViewController.swift */,
				8467AD232948AC9300B09B37 /* Main.storyboard */,
				8467AD292948AC9500B09B37 /* Assets.xcassets */,
				8467AD2B2948AC9500B09B37 /* LaunchScreen.storyboard */,
				8467AD2E2948AC9500B09B37 /* Info.plist */,
				8467AD262948AC9300B09B37 /* SportsApp.xcdatamodeld */,
				8467AD522948B3E600B09B37 /* sportTableViewCell.swift */,
				8467AD542948B3FA00B09B37 /* playerTableViewCell.swift */,
			);
			path = SportsApp;
			sourceTree = "<group>";
		};
		8467AD362948AC9500B09B37 /* SportsAppTests */ = {
			isa = PBXGroup;
			children = (
				8467AD372948AC9500B09B37 /* SportsAppTests.swift */,
			);
			path = SportsAppTests;
			sourceTree = "<group>";
		};
		8467AD402948AC9500B09B37 /* SportsAppUITests */ = {
			isa = PBXGroup;
			children = (
				8467AD412948AC9500B09B37 /* SportsAppUITests.swift */,
				8467AD432948AC9500B09B37 /* SportsAppUITestsLaunchTests.swift */,
			);
			path = SportsAppUITests;
			sourceTree = "<group>";
		};
/* End PBXGroup section */

/* Begin PBXNativeTarget section */
		8467AD192948AC9300B09B37 /* SportsApp */ = {
			isa = PBXNativeTarget;
			buildConfigurationList = 8467AD472948AC9500B09B37 /* Build configuration list for PBXNativeTarget "SportsApp" */;
			buildPhases = (
				8467AD162948AC9300B09B37 /* Sources */,
				8467AD172948AC9300B09B37 /* Frameworks */,
				8467AD182948AC9300B09B37 /* Resources */,
			);
			buildRules = (
			);
			dependencies = (
			);
			name = SportsApp;
			productName = SportsApp;
			productReference = 8467AD1A2948AC9300B09B37 /* SportsApp.app */;
			productType = "com.apple.product-type.application";
		};
		8467AD322948AC9500B09B37 /* SportsAppTests */ = {
			isa = PBXNativeTarget;
			buildConfigurationList = 8467AD4A2948AC9500B09B37 /* Build configuration list for PBXNativeTarget "SportsAppTests" */;
			buildPhases = (
				8467AD2F2948AC9500B09B37 /* Sources */,
				8467AD302948AC9500B09B37 /* Frameworks */,
				8467AD312948AC9500B09B37 /* Resources */,
			);
			buildRules = (
			);
			dependencies = (
				8467AD352948AC9500B09B37 /* PBXTargetDependency */,
			);
			name = SportsAppTests;
			productName = SportsAppTests;
			productReference = 8467AD332948AC9500B09B37 /* SportsAppTests.xctest */;
			productType = "com.apple.product-type.bundle.unit-test";
		};
		8467AD3C2948AC9500B09B37 /* SportsAppUITests */ = {
			isa = PBXNativeTarget;
			buildConfigurationList = 8467AD4D2948AC9500B09B37 /* Build configuration list for PBXNativeTarget "SportsAppUITests" */;
			buildPhases = (
				8467AD392948AC9500B09B37 /* Sources */,
				8467AD3A2948AC9500B09B37 /* Frameworks */,
				8467AD3B2948AC9500B09B37 /* Resources */,
			);
			buildRules = (
			);
			dependencies = (
				8467AD3F2948AC9500B09B37 /* PBXTargetDependency */,
			);
			name = SportsAppUITests;
			productName = SportsAppUITests;
			productReference = 8467AD3D2948AC9500B09B37 /* SportsAppUITests.xctest */;
			productType = "com.apple.product-type.bundle.ui-testing";
		};
/* End PBXNativeTarget section */

/* Begin PBXProject section */
		8467AD122948AC9300B09B37 /* Project object */ = {
			isa = PBXProject;
			attributes = {
				BuildIndependentTargetsInParallel = 1;
				LastSwiftUpdateCheck = 1410;
				LastUpgradeCheck = 1410;
				TargetAttributes = {
					8467AD192948AC9300B09B37 = {
						CreatedOnToolsVersion = 14.1;
					};
					8467AD322948AC9500B09B37 = {
						CreatedOnToolsVersion = 14.1;
						TestTargetID = 8467AD192948AC9300B09B37;
					};
					8467AD3C2948AC9500B09B37 = {
						CreatedOnToolsVersion = 14.1;
						TestTargetID = 8467AD192948AC9300B09B37;
					};
				};
			};
			buildConfigurationList = 8467AD152948AC9300B09B37 /* Build configuration list for PBXProject "SportsApp" */;
			compatibilityVersion = "Xcode 14.0";
			developmentRegion = en;
			hasScannedForEncodings = 0;
			knownRegions = (
				en,
				Base,
			);
			mainGroup = 8467AD112948AC9300B09B37;
			productRefGroup = 8467AD1B2948AC9300B09B37 /* Products */;
			projectDirPath = "";
			projectRoot = "";
			targets = (
				8467AD192948AC9300B09B37 /* SportsApp */,
				8467AD322948AC9500B09B37 /* SportsAppTests */,
				8467AD3C2948AC9500B09B37 /* SportsAppUITests */,
			);
		};
/* End PBXProject section */

/* Begin PBXResourcesBuildPhase section */
		8467AD182948AC9300B09B37 /* Resources */ = {
			isa = PBXResourcesBuildPhase;
			buildActionMask = 2147483647;
			files = (
				8467AD2D2948AC9500B09B37 /* LaunchScreen.storyboard in Resources */,
				8467AD2A2948AC9500B09B37 /* Assets.xcassets in Resources */,
				8467AD252948AC9300B09B37 /* Main.storyboard in Resources */,
			);
			runOnlyForDeploymentPostprocessing = 0;
		};
		8467AD312948AC9500B09B37 /* Resources */ = {
			isa = PBXResourcesBuildPhase;
			buildActionMask = 2147483647;
			files = (
			);
			runOnlyForDeploymentPostprocessing = 0;
		};
		8467AD3B2948AC9500B09B37 /* Resources */ = {
			isa = PBXResourcesBuildPhase;
			buildActionMask = 2147483647;
			files = (
			);
			runOnlyForDeploymentPostprocessing = 0;
		};
/* End PBXResourcesBuildPhase section */

/* Begin PBXSourcesBuildPhase section */
		8467AD162948AC9300B09B37 /* Sources */ = {
			isa = PBXSourcesBuildPhase;
			buildActionMask = 2147483647;
			files = (
				8467AD552948B3FA00B09B37 /* playerTableViewCell.swift in Sources */,
				8467AD222948AC9300B09B37 /* SportViewController.swift in Sources */,
				8467AD1E2948AC9300B09B37 /* AppDelegate.swift in Sources */,
				8467AD532948B3E600B09B37 /* sportTableViewCell.swift in Sources */,
				8467AD282948AC9300B09B37 /* SportsApp.xcdatamodeld in Sources */,
				8467AD202948AC9300B09B37 /* SceneDelegate.swift in Sources */,
				8467AD512948B2F300B09B37 /* PlayerViewController.swift in Sources */,
			);
			runOnlyForDeploymentPostprocessing = 0;
		};
		8467AD2F2948AC9500B09B37 /* Sources */ = {
			isa = PBXSourcesBuildPhase;
			buildActionMask = 2147483647;
			files = (
				8467AD382948AC9500B09B37 /* SportsAppTests.swift in Sources */,
			);
			runOnlyForDeploymentPostprocessing = 0;
		};
		8467AD392948AC9500B09B37 /* Sources */ = {
			isa = PBXSourcesBuildPhase;
			buildActionMask = 2147483647;
			files = (
				8467AD422948AC9500B09B37 /* SportsAppUITests.swift in Sources */,
				8467AD442948AC9500B09B37 /* SportsAppUITestsLaunchTests.swift in Sources */,
			);
			runOnlyForDeploymentPostprocessing = 0;
		};
/* End PBXSourcesBuildPhase section */

/* Begin PBXTargetDependency section */
		8467AD352948AC9500B09B37 /* PBXTargetDependency */ = {
			isa = PBXTargetDependency;
			target = 8467AD192948AC9300B09B37 /* SportsApp */;
			targetProxy = 8467AD342948AC9500B09B37 /* PBXContainerItemProxy */;
		};
		8467AD3F2948AC9500B09B37 /* PBXTargetDependency */ = {
			isa = PBXTargetDependency;
			target = 8467AD192948AC9300B09B37 /* SportsApp */;
			targetProxy = 8467AD3E2948AC9500B09B37 /* PBXContainerItemProxy */;
		};
/* End PBXTargetDependency section */

/* Begin PBXVariantGroup section */
		8467AD232948AC9300B09B37 /* Main.storyboard */ = {
			isa = PBXVariantGroup;
			children = (
				8467AD242948AC9300B09B37 /* Base */,
			);
			name = Main.storyboard;
			sourceTree = "<group>";
		};
		8467AD2B2948AC9500B09B37 /* LaunchScreen.storyboard */ = {
			isa = PBXVariantGroup;
			children = (
				8467AD2C2948AC9500B09B37 /* Base */,
			);
			name = LaunchScreen.storyboard;
			sourceTree = "<group>";
		};
/* End PBXVariantGroup section */

/* Begin XCBuildConfiguration section */
		8467AD452948AC9500B09B37 /* Debug */ = {
			isa = XCBuildConfiguration;
			buildSettings = {
				ALWAYS_SEARCH_USER_PATHS = NO;
				CLANG_ANALYZER_NONNULL = YES;
				CLANG_ANALYZER_NUMBER_OBJECT_CONVERSION = YES_AGGRESSIVE;
				CLANG_CXX_LANGUAGE_STANDARD = "gnu++20";
				CLANG_ENABLE_MODULES = YES;
				CLANG_ENABLE_OBJC_ARC = YES;
				CLANG_ENABLE_OBJC_WEAK = YES;
				CLANG_WARN_BLOCK_CAPTURE_AUTORELEASING = YES;
				CLANG_WARN_BOOL_CONVERSION = YES;
				CLANG_WARN_COMMA = YES;
				CLANG_WARN_CONSTANT_CONVERSION = YES;
				CLANG_WARN_DEPRECATED_OBJC_IMPLEMENTATIONS = YES;
				CLANG_WARN_DIRECT_OBJC_ISA_USAGE = YES_ERROR;
				CLANG_WARN_DOCUMENTATION_COMMENTS = YES;
				CLANG_WARN_EMPTY_BODY = YES;
				CLANG_WARN_ENUM_CONVERSION = YES;
				CLANG_WARN_INFINITE_RECURSION = YES;
				CLANG_WARN_INT_CONVERSION = YES;
				CLANG_WARN_NON_LITERAL_NULL_CONVERSION = YES;
				CLANG_WARN_OBJC_IMPLICIT_RETAIN_SELF = YES;
				CLANG_WARN_OBJC_LITERAL_CONVERSION = YES;
				CLANG_WARN_OBJC_ROOT_CLASS = YES_ERROR;
				CLANG_WARN_QUOTED_INCLUDE_IN_FRAMEWORK_HEADER = YES;
				CLANG_WARN_RANGE_LOOP_ANALYSIS = YES;
				CLANG_WARN_STRICT_PROTOTYPES = YES;
				CLANG_WARN_SUSPICIOUS_MOVE = YES;
				CLANG_WARN_UNGUARDED_AVAILABILITY = YES_AGGRESSIVE;
				CLANG_WARN_UNREACHABLE_CODE = YES;
				CLANG_WARN__DUPLICATE_METHOD_MATCH = YES;
				COPY_PHASE_STRIP = NO;
				DEBUG_INFORMATION_FORMAT = dwarf;
				ENABLE_STRICT_OBJC_MSGSEND = YES;
				ENABLE_TESTABILITY = YES;
				GCC_C_LANGUAGE_STANDARD = gnu11;
				GCC_DYNAMIC_NO_PIC = NO;
				GCC_NO_COMMON_BLOCKS = YES;
				GCC_OPTIMIZATION_LEVEL = 0;
				GCC_PREPROCESSOR_DEFINITIONS = (
					"DEBUG=1",
					"$(inherited)",
				);
				GCC_WARN_64_TO_32_BIT_CONVERSION = YES;
				GCC_WARN_ABOUT_RETURN_TYPE = YES_ERROR;
				GCC_WARN_UNDECLARED_SELECTOR = YES;
				GCC_WARN_UNINITIALIZED_AUTOS = YES_AGGRESSIVE;
				GCC_WARN_UNUSED_FUNCTION = YES;
				GCC_WARN_UNUSED_VARIABLE = YES;
				IPHONEOS_DEPLOYMENT_TARGET = 16.1;
				MTL_ENABLE_DEBUG_INFO = INCLUDE_SOURCE;
				MTL_FAST_MATH = YES;
				ONLY_ACTIVE_ARCH = YES;
				SDKROOT = iphoneos;
				SWIFT_ACTIVE_COMPILATION_CONDITIONS = DEBUG;
				SWIFT_OPTIMIZATION_LEVEL = "-Onone";
			};
			name = Debug;
		};
		8467AD462948AC9500B09B37 /* Release */ = {
			isa = XCBuildConfiguration;
			buildSettings = {
				ALWAYS_SEARCH_USER_PATHS = NO;
				CLANG_ANALYZER_NONNULL = YES;
				CLANG_ANALYZER_NUMBER_OBJECT_CONVERSION = YES_AGGRESSIVE;
				CLANG_CXX_LANGUAGE_STANDARD = "gnu++20";
				CLANG_ENABLE_MODULES = YES;
				CLANG_ENABLE_OBJC_ARC = YES;
				CLANG_ENABLE_OBJC_WEAK = YES;
				CLANG_WARN_BLOCK_CAPTURE_AUTORELEASING = YES;
				CLANG_WARN_BOOL_CONVERSION = YES;
				CLANG_WARN_COMMA = YES;
				CLANG_WARN_CONSTANT_CONVERSION = YES;
				CLANG_WARN_DEPRECATED_OBJC_IMPLEMENTATIONS = YES;
				CLANG_WARN_DIRECT_OBJC_ISA_USAGE = YES_ERROR;
				CLANG_WARN_DOCUMENTATION_COMMENTS = YES;
				CLANG_WARN_EMPTY_BODY = YES;
				CLANG_WARN_ENUM_CONVERSION = YES;
				CLANG_WARN_INFINITE_RECURSION = YES;
				CLANG_WARN_INT_CONVERSION = YES;
				CLANG_WARN_NON_LITERAL_NULL_CONVERSION = YES;
				CLANG_WARN_OBJC_IMPLICIT_RETAIN_SELF = YES;
				CLANG_WARN_OBJC_LITERAL_CONVERSION = YES;
				CLANG_WARN_OBJC_ROOT_CLASS = YES_ERROR;
				CLANG_WARN_QUOTED_INCLUDE_IN_FRAMEWORK_HEADER = YES;
				CLANG_WARN_RANGE_LOOP_ANALYSIS = YES;
				CLANG_WARN_STRICT_PROTOTYPES = YES;
				CLANG_WARN_SUSPICIOUS_MOVE = YES;
				CLANG_WARN_UNGUARDED_AVAILABILITY = YES_AGGRESSIVE;
				CLANG_WARN_UNREACHABLE_CODE = YES;
				CLANG_WARN__DUPLICATE_METHOD_MATCH = YES;
				COPY_PHASE_STRIP = NO;
				DEBUG_INFORMATION_FORMAT = "dwarf-with-dsym";
				ENABLE_NS_ASSERTIONS = NO;
				ENABLE_STRICT_OBJC_MSGSEND = YES;
				GCC_C_LANGUAGE_STANDARD = gnu11;
				GCC_NO_COMMON_BLOCKS = YES;
				GCC_WARN_64_TO_32_BIT_CONVERSION = YES;
				GCC_WARN_ABOUT_RETURN_TYPE = YES_ERROR;
				GCC_WARN_UNDECLARED_SELECTOR = YES;
				GCC_WARN_UNINITIALIZED_AUTOS = YES_AGGRESSIVE;
				GCC_WARN_UNUSED_FUNCTION = YES;
				GCC_WARN_UNUSED_VARIABLE = YES;
				IPHONEOS_DEPLOYMENT_TARGET = 16.1;
				MTL_ENABLE_DEBUG_INFO = NO;
				MTL_FAST_MATH = YES;
				SDKROOT = iphoneos;
				SWIFT_COMPILATION_MODE = wholemodule;
				SWIFT_OPTIMIZATION_LEVEL = "-O";
				VALIDATE_PRODUCT = YES;
			};
			name = Release;
		};
		8467AD482948AC9500B09B37 /* Debug */ = {
			isa = XCBuildConfiguration;
			buildSettings = {
				ASSETCATALOG_COMPILER_APPICON_NAME = AppIcon;
				ASSETCATALOG_COMPILER_GLOBAL_ACCENT_COLOR_NAME = AccentColor;
				CODE_SIGN_STYLE = Automatic;
				CURRENT_PROJECT_VERSION = 1;
				GENERATE_INFOPLIST_FILE = YES;
				INFOPLIST_FILE = SportsApp/Info.plist;
				INFOPLIST_KEY_UIApplicationSupportsIndirectInputEvents = YES;
				INFOPLIST_KEY_UILaunchStoryboardName = LaunchScreen;
				INFOPLIST_KEY_UIMainStoryboardFile = Main;
				INFOPLIST_KEY_UISupportedInterfaceOrientations_iPad = "UIInterfaceOrientationPortrait UIInterfaceOrientationPortraitUpsideDown UIInterfaceOrientationLandscapeLeft UIInterfaceOrientationLandscapeRight";
				INFOPLIST_KEY_UISupportedInterfaceOrientations_iPhone = "UIInterfaceOrientationPortrait UIInterfaceOrientationLandscapeLeft UIInterfaceOrientationLandscapeRight";
				LD_RUNPATH_SEARCH_PATHS = (
					"$(inherited)",
					"@executable_path/Frameworks",
				);
				MARKETING_VERSION = 1.0;
				PRODUCT_BUNDLE_IDENTIFIER = Aziz.SportsApp;
				PRODUCT_NAME = "$(TARGET_NAME)";
				SWIFT_EMIT_LOC_STRINGS = YES;
				SWIFT_VERSION = 5.0;
				TARGETED_DEVICE_FAMILY = "1,2";
			};
			name = Debug;
		};
		8467AD492948AC9500B09B37 /* Release */ = {
			isa = XCBuildConfiguration;
			buildSettings = {
				ASSETCATALOG_COMPILER_APPICON_NAME = AppIcon;
				ASSETCATALOG_COMPILER_GLOBAL_ACCENT_COLOR_NAME = AccentColor;
				CODE_SIGN_STYLE = Automatic;
				CURRENT_PROJECT_VERSION = 1;
				GENERATE_INFOPLIST_FILE = YES;
				INFOPLIST_FILE = SportsApp/Info.plist;
				INFOPLIST_KEY_UIApplicationSupportsIndirectInputEvents = YES;
				INFOPLIST_KEY_UILaunchStoryboardName = LaunchScreen;
				INFOPLIST_KEY_UIMainStoryboardFile = Main;
				INFOPLIST_KEY_UISupportedInterfaceOrientations_iPad = "UIInterfaceOrientationPortrait UIInterfaceOrientationPortraitUpsideDown UIInterfaceOrientationLandscapeLeft UIInterfaceOrientationLandscapeRight";
				INFOPLIST_KEY_UISupportedInterfaceOrientations_iPhone = "UIInterfaceOrientationPortrait UIInterfaceOrientationLandscapeLeft UIInterfaceOrientationLandscapeRight";
				LD_RUNPATH_SEARCH_PATHS = (
					"$(inherited)",
					"@executable_path/Frameworks",
				);
				MARKETING_VERSION = 1.0;
				PRODUCT_BUNDLE_IDENTIFIER = Aziz.SportsApp;
				PRODUCT_NAME = "$(TARGET_NAME)";
				SWIFT_EMIT_LOC_STRINGS = YES;
				SWIFT_VERSION = 5.0;
				TARGETED_DEVICE_FAMILY = "1,2";
			};
			name = Release;
		};
		8467AD4B2948AC9500B09B37 /* Debug */ = {
			isa = XCBuildConfiguration;
			buildSettings = {
				ALWAYS_EMBED_SWIFT_STANDARD_LIBRARIES = YES;
				BUNDLE_LOADER = "$(TEST_HOST)";
				CODE_SIGN_STYLE = Automatic;
				CURRENT_PROJECT_VERSION = 1;
				GENERATE_INFOPLIST_FILE = YES;
				IPHONEOS_DEPLOYMENT_TARGET = 16.1;
				MARKETING_VERSION = 1.0;
				PRODUCT_BUNDLE_IDENTIFIER = Aziz.SportsAppTests;
				PRODUCT_NAME = "$(TARGET_NAME)";
				SWIFT_EMIT_LOC_STRINGS = NO;
				SWIFT_VERSION = 5.0;
				TARGETED_DEVICE_FAMILY = "1,2";
				TEST_HOST = "$(BUILT_PRODUCTS_DIR)/SportsApp.app/$(BUNDLE_EXECUTABLE_FOLDER_PATH)/SportsApp";
			};
			name = Debug;
		};
		8467AD4C2948AC9500B09B37 /* Release */ = {
			isa = XCBuildConfiguration;
			buildSettings = {
				ALWAYS_EMBED_SWIFT_STANDARD_LIBRARIES = YES;
				BUNDLE_LOADER = "$(TEST_HOST)";
				CODE_SIGN_STYLE = Automatic;
				CURRENT_PROJECT_VERSION = 1;
				GENERATE_INFOPLIST_FILE = YES;
				IPHONEOS_DEPLOYMENT_TARGET = 16.1;
				MARKETING_VERSION = 1.0;
				PRODUCT_BUNDLE_IDENTIFIER = Aziz.SportsAppTests;
				PRODUCT_NAME = "$(TARGET_NAME)";
				SWIFT_EMIT_LOC_STRINGS = NO;
				SWIFT_VERSION = 5.0;
				TARGETED_DEVICE_FAMILY = "1,2";
				TEST_HOST = "$(BUILT_PRODUCTS_DIR)/SportsApp.app/$(BUNDLE_EXECUTABLE_FOLDER_PATH)/SportsApp";
			};
			name = Release;
		};
		8467AD4E2948AC9500B09B37 /* Debug */ = {
			isa = XCBuildConfiguration;
			buildSettings = {
				ALWAYS_EMBED_SWIFT_STANDARD_LIBRARIES = YES;
				CODE_SIGN_STYLE = Automatic;
				CURRENT_PROJECT_VERSION = 1;
				GENERATE_INFOPLIST_FILE = YES;
				MARKETING_VERSION = 1.0;
				PRODUCT_BUNDLE_IDENTIFIER = Aziz.SportsAppUITests;
				PRODUCT_NAME = "$(TARGET_NAME)";
				SWIFT_EMIT_LOC_STRINGS = NO;
				SWIFT_VERSION = 5.0;
				TARGETED_DEVICE_FAMILY = "1,2";
				TEST_TARGET_NAME = SportsApp;
			};
			name = Debug;
		};
		8467AD4F2948AC9500B09B37 /* Release */ = {
			isa = XCBuildConfiguration;
			buildSettings = {
				ALWAYS_EMBED_SWIFT_STANDARD_LIBRARIES = YES;
				CODE_SIGN_STYLE = Automatic;
				CURRENT_PROJECT_VERSION = 1;
				GENERATE_INFOPLIST_FILE = YES;
				MARKETING_VERSION = 1.0;
				PRODUCT_BUNDLE_IDENTIFIER = Aziz.SportsAppUITests;
				PRODUCT_NAME = "$(TARGET_NAME)";
				SWIFT_EMIT_LOC_STRINGS = NO;
				SWIFT_VERSION = 5.0;
				TARGETED_DEVICE_FAMILY = "1,2";
				TEST_TARGET_NAME = SportsApp;
			};
			name = Release;
		};
/* End XCBuildConfiguration section */

/* Begin XCConfigurationList section */
		8467AD152948AC9300B09B37 /* Build configuration list for PBXProject "SportsApp" */ = {
			isa = XCConfigurationList;
			buildConfigurations = (
				8467AD452948AC9500B09B37 /* Debug */,
				8467AD462948AC9500B09B37 /* Release */,
			);
			defaultConfigurationIsVisible = 0;
			defaultConfigurationName = Release;
		};
		8467AD472948AC9500B09B37 /* Build configuration list for PBXNativeTarget "SportsApp" */ = {
			isa = XCConfigurationList;
			buildConfigurations = (
				8467AD482948AC9500B09B37 /* Debug */,
				8467AD492948AC9500B09B37 /* Release */,
			);
			defaultConfigurationIsVisible = 0;
			defaultConfigurationName = Release;
		};
		8467AD4A2948AC9500B09B37 /* Build configuration list for PBXNativeTarget "SportsAppTests" */ = {
			isa = XCConfigurationList;
			buildConfigurations = (
				8467AD4B2948AC9500B09B37 /* Debug */,
				8467AD4C2948AC9500B09B37 /* Release */,
			);
			defaultConfigurationIsVisible = 0;
			defaultConfigurationName = Release;
		};
		8467AD4D2948AC9500B09B37 /* Build configuration list for PBXNativeTarget "SportsAppUITests" */ = {
			isa = XCConfigurationList;
			buildConfigurations = (
				8467AD4E2948AC9500B09B37 /* Debug */,
				8467AD4F2948AC9500B09B37 /* Release */,
			);
			defaultConfigurationIsVisible = 0;
			defaultConfigurationName = Release;
		};
/* End XCConfigurationList section */

/* Begin XCVersionGroup section */
		8467AD262948AC9300B09B37 /* SportsApp.xcdatamodeld */ = {
			isa = XCVersionGroup;
			children = (
				8467AD272948AC9300B09B37 /* SportsApp.xcdatamodel */,
			);
			currentVersion = 8467AD272948AC9300B09B37 /* SportsApp.xcdatamodel */;
			path = SportsApp.xcdatamodeld;
			sourceTree = "<group>";
			versionGroupType = wrapper.xcdatamodel;
		};
/* End XCVersionGroup section */
	};
	rootObject = 8467AD122948AC9300B09B37 /* Project object */;
}
